
Microsoft Visual Studio Solution File, Format Version 12.00
Project("{FAE04EC0-301F-11D3-BF4B-00C04F79EFBC}") = "ParabolaFly", "ParabolaFly\ParabolaFly.csproj", "{0A858EB1-52B6-45D7-876B-67B79D9A066A}"
EndProject
Global
	GlobalSection(SolutionConfigurationPlatforms) = preSolution
		Debug|Any CPU = Debug|Any CPU
		Release|Any CPU = Release|Any CPU
	EndGlobalSection
	GlobalSection(ProjectConfigurationPlatforms) = postSolution
		{0A858EB1-52B6-45D7-876B-67B79D9A066A}.Debug|Any CPU.ActiveCfg = Debug|Any CPU
		{0A858EB1-52B6-45D7-876B-67B79D9A066A}.Debug|Any CPU.Build.0 = Debug|Any CPU
		{0A858EB1-52B6-45D7-876B-67B79D9A066A}.Release|Any CPU.ActiveCfg = Release|Any CPU
		{0A858EB1-52B6-45D7-876B-67B79D9A066A}.Release|Any CPU.Build.0 = Release|Any CPU
	EndGlobalSection
EndGlobal
